# THIS IS AN AUTOGENERATED FILE. DO NOT EDIT THIS FILE DIRECTLY.
# yarn lockfile v1


"@iproov/web@latest":
  version "3.1.4"
  resolved "https://registry.yarnpkg.com/@iproov/web/-/web-3.1.4.tgz#bb8b0c7507303f348b899c76d79875c14f977d1e"
  integrity sha512-B9Bw/yKX0HhktPDjkQWnCSNTQaMqfIopxUvfaBFMUuDSanCHV0s+3Kk3tz7rNdM65JY4BbE/oIu40M5Az+ug4Q==
