# THIS IS AN AUTOGENERATED FILE. DO NOT EDIT THIS FILE DIRECTLY.
# yarn lockfile v1


"@iproov/web@^3.1.2":
  version "3.1.2"
  resolved "https://registry.yarnpkg.com/@iproov/web/-/web-3.1.2.tgz#c05d2582d976bff74464b46ac5cfeae64f9a924d"
  integrity sha512-hvw0767mLEHNZvEhppH+5aaDeWzUMHp5h58zJtMqFR3GwmGiFr+4USEUeHFXOg3r1n+ESCGcaDKz2Qabsg8URw==
