# THIS IS AN AUTOGENERATED FILE. DO NOT EDIT THIS FILE DIRECTLY.
# yarn lockfile v1


"@hapi/accept@^5.0.1":
  version "5.0.1"
  resolved "https://registry.yarnpkg.com/@hapi/accept/-/accept-5.0.1.tgz#068553e867f0f63225a506ed74e899441af53e10"
  integrity sha512-fMr4d7zLzsAXo28PRRQPXR1o2Wmu+6z+VY1UzDp0iFo13Twj8WePakwXBiqn3E1aAlTpSNzCXdnnQXFhst8h8Q==
  dependencies:
    "@hapi/boom" "9.x.x"
    "@hapi/hoek" "9.x.x"

"@hapi/ammo@5.x.x", "@hapi/ammo@^5.0.1":
  version "5.0.1"
  resolved "https://registry.yarnpkg.com/@hapi/ammo/-/ammo-5.0.1.tgz#9d34560f5c214eda563d838c01297387efaab490"
  integrity sha512-FbCNwcTbnQP4VYYhLNGZmA76xb2aHg9AMPiy18NZyWMG310P5KdFGyA9v2rm5ujrIny77dEEIkMOwl0Xv+fSSA==
  dependencies:
    "@hapi/hoek" "9.x.x"

"@hapi/b64@5.x.x":
  version "5.0.0"
  resolved "https://registry.yarnpkg.com/@hapi/b64/-/b64-5.0.0.tgz#b8210cbd72f4774985e78569b77e97498d24277d"
  integrity sha512-ngu0tSEmrezoiIaNGG6rRvKOUkUuDdf4XTPnONHGYfSGRmDqPZX5oJL6HAdKTo1UQHECbdB4OzhWrfgVppjHUw==
  dependencies:
    "@hapi/hoek" "9.x.x"

"@hapi/basic@^6.0.0":
  version "6.0.0"
  resolved "https://registry.yarnpkg.com/@hapi/basic/-/basic-6.0.0.tgz#d8372a8eea9583f7077c60b8d55eb5f3a447d4ef"
  integrity sha512-nWWSXNCq3WptnP3To2c8kfQiRFDUnd9FQOcMS0B85y1x/m12c0hhp+VdmK60BMe44k6WIog1n6g8f9gZOagqBg==
  dependencies:
    "@hapi/boom" "9.x.x"
    "@hapi/hoek" "9.x.x"

"@hapi/boom@9.x.x":
  version "9.1.1"
  resolved "https://registry.yarnpkg.com/@hapi/boom/-/boom-9.1.1.tgz#89e6f0e01637c2a4228da0d113e8157c93677b04"
  integrity sha512-VNR8eDbBrOxBgbkddRYIe7+8DZ+vSbV6qlmaN2x7eWjsUjy2VmQgChkOKcVZIeupEZYj+I0dqNg430OhwzagjA==
  dependencies:
    "@hapi/hoek" "9.x.x"

"@hapi/boom@^9.1.0":
  version "9.1.4"
  resolved "https://registry.yarnpkg.com/@hapi/boom/-/boom-9.1.4.tgz#1f9dad367c6a7da9f8def24b4a986fc5a7bd9db6"
  integrity sha512-Ls1oH8jaN1vNsqcaHVYJrKmgMcKsC1wcp8bujvXrHaAqD2iDYq3HoOwsxwo09Cuda5R5nC0o0IxlrlTuvPuzSw==
  dependencies:
    "@hapi/hoek" "9.x.x"

"@hapi/bounce@2.x.x", "@hapi/bounce@^2.0.0":
  version "2.0.0"
  resolved "https://registry.yarnpkg.com/@hapi/bounce/-/bounce-2.0.0.tgz#e6ef56991c366b1e2738b2cd83b01354d938cf3d"
  integrity sha512-JesW92uyzOOyuzJKjoLHM1ThiOvHPOLDHw01YV8yh5nCso7sDwJho1h0Ad2N+E62bZyz46TG3xhAi/78Gsct6A==
  dependencies:
    "@hapi/boom" "9.x.x"
    "@hapi/hoek" "9.x.x"

"@hapi/bourne@2.x.x":
  version "2.0.0"
  resolved "https://registry.yarnpkg.com/@hapi/bourne/-/bourne-2.0.0.tgz#5bb2193eb685c0007540ca61d166d4e1edaf918d"
  integrity sha512-WEezM1FWztfbzqIUbsDzFRVMxSoLy3HugVcux6KDDtTqzPsLE8NDRHfXvev66aH1i2oOKKar3/XDjbvh/OUBdg==

"@hapi/call@^8.0.0":
  version "8.0.1"
  resolved "https://registry.yarnpkg.com/@hapi/call/-/call-8.0.1.tgz#9e64cd8ba6128eb5be6e432caaa572b1ed8cd7c0"
  integrity sha512-bOff6GTdOnoe5b8oXRV3lwkQSb/LAWylvDMae6RgEWWntd0SHtkYbQukDHKlfaYtVnSAgIavJ0kqszF/AIBb6g==
  dependencies:
    "@hapi/boom" "9.x.x"
    "@hapi/hoek" "9.x.x"

"@hapi/catbox-memory@^5.0.0":
  version "5.0.1"
  resolved "https://registry.yarnpkg.com/@hapi/catbox-memory/-/catbox-memory-5.0.1.tgz#cb63fca0ded01d445a2573b38eb2688df67f70ac"
  integrity sha512-QWw9nOYJq5PlvChLWV8i6hQHJYfvdqiXdvTupJFh0eqLZ64Xir7mKNi96d5/ZMUAqXPursfNDIDxjFgoEDUqeQ==
  dependencies:
    "@hapi/boom" "9.x.x"
    "@hapi/hoek" "9.x.x"

"@hapi/catbox@^11.1.1":
  version "11.1.1"
  resolved "https://registry.yarnpkg.com/@hapi/catbox/-/catbox-11.1.1.tgz#d277e2d5023fd69cddb33d05b224ea03065fec0c"
  integrity sha512-u/8HvB7dD/6X8hsZIpskSDo4yMKpHxFd7NluoylhGrL6cUfYxdQPnvUp9YU2C6F9hsyBVLGulBd9vBN1ebfXOQ==
  dependencies:
    "@hapi/boom" "9.x.x"
    "@hapi/hoek" "9.x.x"
    "@hapi/podium" "4.x.x"
    "@hapi/validate" "1.x.x"

"@hapi/content@^5.0.2":
  version "5.0.2"
  resolved "https://registry.yarnpkg.com/@hapi/content/-/content-5.0.2.tgz#ae57954761de570392763e64cdd75f074176a804"
  integrity sha512-mre4dl1ygd4ZyOH3tiYBrOUBzV7Pu/EOs8VLGf58vtOEECWed8Uuw6B4iR9AN/8uQt42tB04qpVaMyoMQh0oMw==
  dependencies:
    "@hapi/boom" "9.x.x"

"@hapi/cryptiles@5.x.x":
  version "5.1.0"
  resolved "https://registry.yarnpkg.com/@hapi/cryptiles/-/cryptiles-5.1.0.tgz#655de4cbbc052c947f696148c83b187fc2be8f43"
  integrity sha512-fo9+d1Ba5/FIoMySfMqPBR/7Pa29J2RsiPrl7bkwo5W5o+AN1dAYQRi4SPrPwwVxVGKjgLOEWrsvt1BonJSfLA==
  dependencies:
    "@hapi/boom" "9.x.x"

"@hapi/file@2.x.x":
  version "2.0.0"
  resolved "https://registry.yarnpkg.com/@hapi/file/-/file-2.0.0.tgz#2ecda37d1ae9d3078a67c13b7da86e8c3237dfb9"
  integrity sha512-WSrlgpvEqgPWkI18kkGELEZfXr0bYLtr16iIN4Krh9sRnzBZN6nnWxHFxtsnP684wueEySBbXPDg/WfA9xJdBQ==

"@hapi/hapi@^20.2.1":
  version "20.2.1"
  resolved "https://registry.yarnpkg.com/@hapi/hapi/-/hapi-20.2.1.tgz#7482bc28757cb4671623a61bdb5ce920bffc8a2f"
  integrity sha512-OXAU+yWLwkMfPFic+KITo+XPp6Oxpgc9WUH+pxXWcTIuvWbgco5TC/jS8UDvz+NFF5IzRgF2CL6UV/KLdQYUSQ==
  dependencies:
    "@hapi/accept" "^5.0.1"
    "@hapi/ammo" "^5.0.1"
    "@hapi/boom" "^9.1.0"
    "@hapi/bounce" "^2.0.0"
    "@hapi/call" "^8.0.0"
    "@hapi/catbox" "^11.1.1"
    "@hapi/catbox-memory" "^5.0.0"
    "@hapi/heavy" "^7.0.1"
    "@hapi/hoek" "^9.0.4"
    "@hapi/mimos" "^6.0.0"
    "@hapi/podium" "^4.1.1"
    "@hapi/shot" "^5.0.5"
    "@hapi/somever" "^3.0.0"
    "@hapi/statehood" "^7.0.3"
    "@hapi/subtext" "^7.0.3"
    "@hapi/teamwork" "^5.1.0"
    "@hapi/topo" "^5.0.0"
    "@hapi/validate" "^1.1.1"

"@hapi/heavy@^7.0.1":
  version "7.0.1"
  resolved "https://registry.yarnpkg.com/@hapi/heavy/-/heavy-7.0.1.tgz#73315ae33b6e7682a0906b7a11e8ca70e3045874"
  integrity sha512-vJ/vzRQ13MtRzz6Qd4zRHWS3FaUc/5uivV2TIuExGTM9Qk+7Zzqj0e2G7EpE6KztO9SalTbiIkTh7qFKj/33cA==
  dependencies:
    "@hapi/boom" "9.x.x"
    "@hapi/hoek" "9.x.x"
    "@hapi/validate" "1.x.x"

"@hapi/hoek@9.x.x", "@hapi/hoek@^9.0.0", "@hapi/hoek@^9.0.4":
  version "9.1.1"
  resolved "https://registry.yarnpkg.com/@hapi/hoek/-/hoek-9.1.1.tgz#9daf5745156fd84b8e9889a2dc721f0c58e894aa"
  integrity sha512-CAEbWH7OIur6jEOzaai83jq3FmKmv4PmX1JYfs9IrYcGEVI/lyL1EXJGCj7eFVJ0bg5QR8LMxBlEtA+xKiLpFw==

"@hapi/inert@^6.0.4":
  version "6.0.4"
  resolved "https://registry.yarnpkg.com/@hapi/inert/-/inert-6.0.4.tgz#0544221eabc457110a426818358d006e70ff1f41"
  integrity sha512-tpmNqtCCAd+5Ts07bJmMaA79+ZUIf0zSWnQMaWtbcO4nGrO/yXB2AzoslfzFX2JEV9vGeF3FfL8mYw0pHl8VGg==
  dependencies:
    "@hapi/ammo" "5.x.x"
    "@hapi/boom" "9.x.x"
    "@hapi/bounce" "2.x.x"
    "@hapi/hoek" "9.x.x"
    "@hapi/validate" "1.x.x"
    lru-cache "^6.0.0"

"@hapi/iron@6.x.x":
  version "6.0.0"
  resolved "https://registry.yarnpkg.com/@hapi/iron/-/iron-6.0.0.tgz#ca3f9136cda655bdd6028de0045da0de3d14436f"
  integrity sha512-zvGvWDufiTGpTJPG1Y/McN8UqWBu0k/xs/7l++HVU535NLHXsHhy54cfEMdW7EjwKfbBfM9Xy25FmTiobb7Hvw==
  dependencies:
    "@hapi/b64" "5.x.x"
    "@hapi/boom" "9.x.x"
    "@hapi/bourne" "2.x.x"
    "@hapi/cryptiles" "5.x.x"
    "@hapi/hoek" "9.x.x"

"@hapi/mimos@^6.0.0":
  version "6.0.0"
  resolved "https://registry.yarnpkg.com/@hapi/mimos/-/mimos-6.0.0.tgz#daa523d9c07222c7e8860cb7c9c5501fd6506484"
  integrity sha512-Op/67tr1I+JafN3R3XN5DucVSxKRT/Tc+tUszDwENoNpolxeXkhrJ2Czt6B6AAqrespHoivhgZBWYSuANN9QXg==
  dependencies:
    "@hapi/hoek" "9.x.x"
    mime-db "1.x.x"

"@hapi/nigel@4.x.x":
  version "4.0.2"
  resolved "https://registry.yarnpkg.com/@hapi/nigel/-/nigel-4.0.2.tgz#8f84ef4bca4fb03b2376463578f253b0b8e863c4"
  integrity sha512-ht2KoEsDW22BxQOEkLEJaqfpoKPXxi7tvabXy7B/77eFtOyG5ZEstfZwxHQcqAiZhp58Ae5vkhEqI03kawkYNw==
  dependencies:
    "@hapi/hoek" "^9.0.4"
    "@hapi/vise" "^4.0.0"

"@hapi/pez@^5.0.1":
  version "5.0.3"
  resolved "https://registry.yarnpkg.com/@hapi/pez/-/pez-5.0.3.tgz#b75446e6fef8cbb16816573ab7da1b0522e7a2a1"
  integrity sha512-mpikYRJjtrbJgdDHG/H9ySqYqwJ+QU/D7FXsYciS9P7NYBXE2ayKDAy3H0ou6CohOCaxPuTV4SZ0D936+VomHA==
  dependencies:
    "@hapi/b64" "5.x.x"
    "@hapi/boom" "9.x.x"
    "@hapi/content" "^5.0.2"
    "@hapi/hoek" "9.x.x"
    "@hapi/nigel" "4.x.x"

"@hapi/podium@4.x.x", "@hapi/podium@^4.1.1":
  version "4.1.1"
  resolved "https://registry.yarnpkg.com/@hapi/podium/-/podium-4.1.1.tgz#106e5849f2cb19b8767cc16007e0107f27c3c791"
  integrity sha512-jh7a6+5Z4FUWzx8fgmxjaAa1DTBu+Qfg+NbVdo0f++rE5DgsVidUYrLDp3db65+QjDLleA2MfKQXkpT8ylBDXA==
  dependencies:
    "@hapi/hoek" "9.x.x"
    "@hapi/teamwork" "5.x.x"
    "@hapi/validate" "1.x.x"

"@hapi/shot@^5.0.5":
  version "5.0.5"
  resolved "https://registry.yarnpkg.com/@hapi/shot/-/shot-5.0.5.tgz#a25c23d18973bec93c7969c51bf9579632a5bebd"
  integrity sha512-x5AMSZ5+j+Paa8KdfCoKh+klB78otxF+vcJR/IoN91Vo2e5ulXIW6HUsFTCU+4W6P/Etaip9nmdAx2zWDimB2A==
  dependencies:
    "@hapi/hoek" "9.x.x"
    "@hapi/validate" "1.x.x"

"@hapi/somever@^3.0.0":
  version "3.0.1"
  resolved "https://registry.yarnpkg.com/@hapi/somever/-/somever-3.0.1.tgz#9961cd5bdbeb5bb1edc0b2acdd0bb424066aadcc"
  integrity sha512-4ZTSN3YAHtgpY/M4GOtHUXgi6uZtG9nEZfNI6QrArhK0XN/RDVgijlb9kOmXwCR5VclDSkBul9FBvhSuKXx9+w==
  dependencies:
    "@hapi/bounce" "2.x.x"
    "@hapi/hoek" "9.x.x"

"@hapi/statehood@^7.0.3":
  version "7.0.3"
  resolved "https://registry.yarnpkg.com/@hapi/statehood/-/statehood-7.0.3.tgz#655166f3768344ed3c3b50375a303cdeca8040d9"
  integrity sha512-pYB+pyCHkf2Amh67QAXz7e/DN9jcMplIL7Z6N8h0K+ZTy0b404JKPEYkbWHSnDtxLjJB/OtgElxocr2fMH4G7w==
  dependencies:
    "@hapi/boom" "9.x.x"
    "@hapi/bounce" "2.x.x"
    "@hapi/bourne" "2.x.x"
    "@hapi/cryptiles" "5.x.x"
    "@hapi/hoek" "9.x.x"
    "@hapi/iron" "6.x.x"
    "@hapi/validate" "1.x.x"

"@hapi/subtext@^7.0.3":
  version "7.0.3"
  resolved "https://registry.yarnpkg.com/@hapi/subtext/-/subtext-7.0.3.tgz#f7440fc7c966858e1f39681e99eb6171c71e7abd"
  integrity sha512-CekDizZkDGERJ01C0+TzHlKtqdXZxzSWTOaH6THBrbOHnsr3GY+yiMZC+AfNCypfE17RaIakGIAbpL2Tk1z2+A==
  dependencies:
    "@hapi/boom" "9.x.x"
    "@hapi/bourne" "2.x.x"
    "@hapi/content" "^5.0.2"
    "@hapi/file" "2.x.x"
    "@hapi/hoek" "9.x.x"
    "@hapi/pez" "^5.0.1"
    "@hapi/wreck" "17.x.x"

"@hapi/teamwork@5.x.x", "@hapi/teamwork@^5.1.0":
  version "5.1.0"
  resolved "https://registry.yarnpkg.com/@hapi/teamwork/-/teamwork-5.1.0.tgz#7801a61fc727f702fd2196ef7625eb4e389f4124"
  integrity sha512-llqoQTrAJDTXxG3c4Kz/uzhBS1TsmSBa/XG5SPcVXgmffHE1nFtyLIK0hNJHCB3EuBKT84adzd1hZNY9GJLWtg==

"@hapi/topo@^5.0.0":
  version "5.0.0"
  resolved "https://registry.yarnpkg.com/@hapi/topo/-/topo-5.0.0.tgz#c19af8577fa393a06e9c77b60995af959be721e7"
  integrity sha512-tFJlT47db0kMqVm3H4nQYgn6Pwg10GTZHb1pwmSiv1K4ks6drQOtfEF5ZnPjkvC+y4/bUPHK+bc87QvLcL+WMw==
  dependencies:
    "@hapi/hoek" "^9.0.0"

"@hapi/validate@1.x.x", "@hapi/validate@^1.1.1":
  version "1.1.3"
  resolved "https://registry.yarnpkg.com/@hapi/validate/-/validate-1.1.3.tgz#f750a07283929e09b51aa16be34affb44e1931ad"
  integrity sha512-/XMR0N0wjw0Twzq2pQOzPBZlDzkekGcoCtzO314BpIEsbXdYGthQUbxgkGDf4nhk1+IPDAsXqWjMohRQYO06UA==
  dependencies:
    "@hapi/hoek" "^9.0.0"
    "@hapi/topo" "^5.0.0"

"@hapi/vise@^4.0.0":
  version "4.0.0"
  resolved "https://registry.yarnpkg.com/@hapi/vise/-/vise-4.0.0.tgz#c6a94fe121b94a53bf99e7489f7fcc74c104db02"
  integrity sha512-eYyLkuUiFZTer59h+SGy7hUm+qE9p+UemePTHLlIWppEd+wExn3Df5jO04bFQTm7nleF5V8CtuYQYb+VFpZ6Sg==
  dependencies:
    "@hapi/hoek" "9.x.x"

"@hapi/wreck@17.x.x":
  version "17.1.0"
  resolved "https://registry.yarnpkg.com/@hapi/wreck/-/wreck-17.1.0.tgz#fbdc380c6f3fa1f8052dc612b2d3b6ce3e88dbec"
  integrity sha512-nx6sFyfqOpJ+EFrHX+XWwJAxs3ju4iHdbB/bwR8yTNZOiYmuhA8eCe7lYPtYmb4j7vyK/SlbaQsmTtUrMvPEBw==
  dependencies:
    "@hapi/boom" "9.x.x"
    "@hapi/bourne" "2.x.x"
    "@hapi/hoek" "9.x.x"

asynckit@^0.4.0:
  version "0.4.0"
  resolved "https://registry.yarnpkg.com/asynckit/-/asynckit-0.4.0.tgz#c79ed97f7f34cb8f2ba1bc9790bcc366474b4b79"
  integrity sha1-x57Zf380y48robyXkLzDZkdLS3k=

call-bind@^1.0.0:
  version "1.0.2"
  resolved "https://registry.yarnpkg.com/call-bind/-/call-bind-1.0.2.tgz#b1d4e89e688119c3c9a903ad30abb2f6a919be3c"
  integrity sha512-7O+FbCihrB5WGbFYesctwmTKae6rOiIzmz1icreWJ+0aA7LJfuqhEso2T9ncpcFtzMQtzXf2QGGueWJGTYsqrA==
  dependencies:
    function-bind "^1.1.1"
    get-intrinsic "^1.0.2"

combined-stream@^1.0.8:
  version "1.0.8"
  resolved "https://registry.yarnpkg.com/combined-stream/-/combined-stream-1.0.8.tgz#c3d45a8b34fd730631a110a8a2520682b31d5a7f"
  integrity sha512-FQN4MRfuJeHf7cBbBMJFXhKSDq+2kAArBlmRBvcvFE5BB1HZKXtSFASDhdlz9zOYwxh8lDdnvmMOe/+5cdoEdg==
  dependencies:
    delayed-stream "~1.0.0"

component-emitter@^1.3.0:
  version "1.3.0"
  resolved "https://registry.yarnpkg.com/component-emitter/-/component-emitter-1.3.0.tgz#16e4070fba8ae29b679f2215853ee181ab2eabc0"
  integrity sha512-Rd3se6QB+sO1TwqZjscQrurpEPIfO0/yYnSin6Q/rD3mOutHvUrCAhJub3r90uNb+SESBuE0QYoB90YdfatsRg==

cookiejar@^2.1.2:
  version "2.1.2"
  resolved "https://registry.yarnpkg.com/cookiejar/-/cookiejar-2.1.2.tgz#dd8a235530752f988f9a0844f3fc589e3111125c"
  integrity sha512-Mw+adcfzPxcPeI+0WlvRrr/3lGVO0bD75SxX6811cxSh1Wbxx7xZBGK1eVtDf6si8rg2lhnUjsVLMFMfbRIuwA==

debug@^4.1.1:
  version "4.3.1"
  resolved "https://registry.yarnpkg.com/debug/-/debug-4.3.1.tgz#f0d229c505e0c6d8c49ac553d1b13dc183f6b2ee"
  integrity sha512-doEwdvm4PCeK4K3RQN2ZC2BYUBaxwLARCqZmMjtF8a51J2Rb0xpVloFRnCODwqjpwnAoao4pelN8l3RJdv3gRQ==
  dependencies:
    ms "2.1.2"

delayed-stream@~1.0.0:
  version "1.0.0"
  resolved "https://registry.yarnpkg.com/delayed-stream/-/delayed-stream-1.0.0.tgz#df3ae199acadfb7d440aaae0b29e2272b24ec619"
  integrity sha1-3zrhmayt+31ECqrgsp4icrJOxhk=

dotenv@^8.2.0:
  version "8.2.0"
  resolved "https://registry.yarnpkg.com/dotenv/-/dotenv-8.2.0.tgz#97e619259ada750eea3e4ea3e26bceea5424b16a"
  integrity sha512-8sJ78ElpbDJBHNeBzUbUVLsqKdccaa/BXF1uPTw3GrvQTBgrQrtObr2mUrE38vzYd8cEv+m/JBfDLioYcfXoaw==

fast-safe-stringify@^2.0.7:
  version "2.0.7"
  resolved "https://registry.yarnpkg.com/fast-safe-stringify/-/fast-safe-stringify-2.0.7.tgz#124aa885899261f68aedb42a7c080de9da608743"
  integrity sha512-Utm6CdzT+6xsDk2m8S6uL8VHxNwI6Jub+e9NYTcAms28T84pTa25GJQV9j0CY0N1rM8hK4x6grpF2BQf+2qwVA==

form-data@^3.0.0:
  version "3.0.0"
  resolved "https://registry.yarnpkg.com/form-data/-/form-data-3.0.0.tgz#31b7e39c85f1355b7139ee0c647cf0de7f83c682"
  integrity sha512-CKMFDglpbMi6PyN+brwB9Q/GOw0eAnsrEZDgcsH5Krhz5Od/haKHAX0NmQfha2zPPz0JpWzA7GJHGSnvCRLWsg==
  dependencies:
    asynckit "^0.4.0"
    combined-stream "^1.0.8"
    mime-types "^2.1.12"

formidable@^1.2.2:
  version "1.2.2"
  resolved "https://registry.yarnpkg.com/formidable/-/formidable-1.2.2.tgz#bf69aea2972982675f00865342b982986f6b8dd9"
  integrity sha512-V8gLm+41I/8kguQ4/o1D3RIHRmhYFG4pnNyonvua+40rqcEmT4+V71yaZ3B457xbbgCsCfjSPi65u/W6vK1U5Q==

function-bind@^1.1.1:
  version "1.1.1"
  resolved "https://registry.yarnpkg.com/function-bind/-/function-bind-1.1.1.tgz#a56899d3ea3c9bab874bb9773b7c5ede92f4895d"
  integrity sha512-yIovAzMX49sF8Yl58fSCWJ5svSLuaibPxXQJFLmBObTuCr0Mf1KiPopGM9NiFjiYBCbfaa2Fh6breQ6ANVTI0A==

get-intrinsic@^1.0.2:
  version "1.1.3"
  resolved "https://registry.yarnpkg.com/get-intrinsic/-/get-intrinsic-1.1.3.tgz#063c84329ad93e83893c7f4f243ef63ffa351385"
  integrity sha512-QJVz1Tj7MS099PevUG5jvnt9tSkXN8K14dxQlikJuPt4uD9hHAHjLyLBiLR5zELelBdD9QNRAXZzsJx0WaDL9A==
  dependencies:
    function-bind "^1.1.1"
    has "^1.0.3"
    has-symbols "^1.0.3"

has-symbols@^1.0.3:
  version "1.0.3"
  resolved "https://registry.yarnpkg.com/has-symbols/-/has-symbols-1.0.3.tgz#bb7b2c4349251dce87b125f7bdf874aa7c8b39f8"
  integrity sha512-l3LCuF6MgDNwTDKkdYGEihYjt5pRPbEg46rtlmnSPlUbgmB8LOIrKJbYYFBSbnPaJexMKtiPO8hmeRjRz2Td+A==

has@^1.0.3:
  version "1.0.3"
  resolved "https://registry.yarnpkg.com/has/-/has-1.0.3.tgz#722d7cbfc1f6aa8241f16dd814e011e1f41e8796"
  integrity sha512-f2dvO0VU6Oej7RkWJGrehjbzMAjFp5/VKPp5tTpWIV4JHHZK1/BxbFRtf/siA2SWTe09caDmVtYYzWEIbBS4zw==
  dependencies:
    function-bind "^1.1.1"

inherits@^2.0.3:
  version "2.0.4"
  resolved "https://registry.yarnpkg.com/inherits/-/inherits-2.0.4.tgz#0fa2c64f932917c3433a0ded55363aae37416b7c"
  integrity sha512-k/vGaX4/Yla3WzyMCvTQOXYeIHvqOKtnqBduzTHpzpQZzAskKMhZ2K+EnBiSM9zGSoIFeMpXKxa4dYeZIQqewQ==

lru-cache@^6.0.0:
  version "6.0.0"
  resolved "https://registry.yarnpkg.com/lru-cache/-/lru-cache-6.0.0.tgz#6d6fe6570ebd96aaf90fcad1dafa3b2566db3a94"
  integrity sha512-Jo6dJ04CmSjuznwJSS3pUeWmd/H0ffTlkXXgwZi+eq1UCmqQwCh+eLsYOYCwY991i2Fah4h1BEMCx4qThGbsiA==
  dependencies:
    yallist "^4.0.0"

methods@^1.1.2:
  version "1.1.2"
  resolved "https://registry.yarnpkg.com/methods/-/methods-1.1.2.tgz#5529a4d67654134edcc5266656835b0f851afcee"
  integrity sha1-VSmk1nZUE07cxSZmVoNbD4Ua/O4=

mime-db@1.44.0:
  version "1.44.0"
  resolved "https://registry.yarnpkg.com/mime-db/-/mime-db-1.44.0.tgz#fa11c5eb0aca1334b4233cb4d52f10c5a6272f92"
  integrity sha512-/NOTfLrsPBVeH7YtFPgsVWveuL+4SjjYxaQ1xtM1KMFj7HdxlBlxeyNLzhyJVx7r4rZGJAZ/6lkKCitSc/Nmpg==

mime-db@1.x.x:
  version "1.45.0"
  resolved "https://registry.yarnpkg.com/mime-db/-/mime-db-1.45.0.tgz#cceeda21ccd7c3a745eba2decd55d4b73e7879ea"
  integrity sha512-CkqLUxUk15hofLoLyljJSrukZi8mAtgd+yE5uO4tqRZsdsAJKv0O+rFMhVDRJgozy+yG6md5KwuXhD4ocIoP+w==

mime-types@^2.1.12:
  version "2.1.27"
  resolved "https://registry.yarnpkg.com/mime-types/-/mime-types-2.1.27.tgz#47949f98e279ea53119f5722e0f34e529bec009f"
  integrity sha512-JIhqnCasI9yD+SsmkquHBxTSEuZdQX5BuQnS2Vc7puQQQ+8yiP5AY5uWhpdv4YL4VM5c6iliiYWPgJ/nJQLp7w==
  dependencies:
    mime-db "1.44.0"

mime@^2.4.6:
  version "2.4.7"
  resolved "https://registry.yarnpkg.com/mime/-/mime-2.4.7.tgz#962aed9be0ed19c91fd7dc2ece5d7f4e89a90d74"
  integrity sha512-dhNd1uA2u397uQk3Nv5LM4lm93WYDUXFn3Fu291FJerns4jyTudqhIWe4W04YLy7Uk1tm1Ore04NpjRvQp/NPA==

ms@2.1.2:
  version "2.1.2"
  resolved "https://registry.yarnpkg.com/ms/-/ms-2.1.2.tgz#d09d1f357b443f493382a8eb3ccd183872ae6009"
  integrity sha512-sGkPx+VjMtmA6MX27oA4FBFELFCZZ4S4XqeGOXCv68tT+jb3vk/RyaKWP0PTKyWtmLSM0b+adUTEvbs1PEaH2w==

object-inspect@^1.9.0:
  version "1.12.2"
  resolved "https://registry.yarnpkg.com/object-inspect/-/object-inspect-1.12.2.tgz#c0641f26394532f28ab8d796ab954e43c009a8ea"
  integrity sha512-z+cPxW0QGUp0mcqcsgQyLVRDoXFQbXOwBaqyF7VIgI4TWNQsDHrBpUQslRmIfAoYWdYzs6UlKJtB2XJpTaNSpQ==

prettier@^2.2.1:
  version "2.2.1"
  resolved "https://registry.yarnpkg.com/prettier/-/prettier-2.2.1.tgz#795a1a78dd52f073da0cd42b21f9c91381923ff5"
  integrity sha512-PqyhM2yCjg/oKkFPtTGUojv7gnZAoG80ttl45O6x2Ug/rMJw4wcc9k6aaf2hibP7BGVCCM33gZoGjyvt9mm16Q==

qs@^6.9.4:
  version "6.11.0"
  resolved "https://registry.yarnpkg.com/qs/-/qs-6.11.0.tgz#fd0d963446f7a65e1367e01abd85429453f0c37a"
  integrity sha512-MvjoMCJwEarSbUYk5O+nmoSzSutSsTwF85zcHPQ9OrlFoZOYIjaqBAJIqIXjptyD5vThxGq52Xu/MaJzRkIk4Q==
  dependencies:
    side-channel "^1.0.4"

readable-stream@^3.6.0:
  version "3.6.0"
  resolved "https://registry.yarnpkg.com/readable-stream/-/readable-stream-3.6.0.tgz#337bbda3adc0706bd3e024426a286d4b4b2c9198"
  integrity sha512-BViHy7LKeTz4oNnkcLJ+lVSL6vpiFeX6/d3oSH8zCW7UxP2onchk+vTGB143xuFjHS3deTgkKoXXymXqymiIdA==
  dependencies:
    inherits "^2.0.3"
    string_decoder "^1.1.1"
    util-deprecate "^1.0.1"

safe-buffer@~5.2.0:
  version "5.2.1"
  resolved "https://registry.yarnpkg.com/safe-buffer/-/safe-buffer-5.2.1.tgz#1eaf9fa9bdb1fdd4ec75f58f9cdb4e6b7827eec6"
  integrity sha512-rp3So07KcdmmKbGvgaNxQSJr7bGVSVk5S9Eq1F+ppbRo70+YeaDxkw5Dd8NPN+GD6bjnYm2VuPuCXmpuYvmCXQ==

semver@^7.3.2:
  version "7.3.4"
  resolved "https://registry.yarnpkg.com/semver/-/semver-7.3.4.tgz#27aaa7d2e4ca76452f98d3add093a72c943edc97"
  integrity sha512-tCfb2WLjqFAtXn4KEdxIhalnRtoKFN7nAwj0B3ZXCbQloV2tq5eDbcTmT68JJD3nRJq24/XgxtQKFIpQdtvmVw==
  dependencies:
    lru-cache "^6.0.0"

side-channel@^1.0.4:
  version "1.0.4"
  resolved "https://registry.yarnpkg.com/side-channel/-/side-channel-1.0.4.tgz#efce5c8fdc104ee751b25c58d4290011fa5ea2cf"
  integrity sha512-q5XPytqFEIKHkGdiMIrY10mvLRvnQh42/+GoBlFW3b2LXLE2xxJpZFdm94we0BaoV3RwJyGqg5wS7epxTv0Zvw==
  dependencies:
    call-bind "^1.0.0"
    get-intrinsic "^1.0.2"
    object-inspect "^1.9.0"

string_decoder@^1.1.1:
  version "1.3.0"
  resolved "https://registry.yarnpkg.com/string_decoder/-/string_decoder-1.3.0.tgz#42f114594a46cf1a8e30b0a84f56c78c3edac21e"
  integrity sha512-hkRX8U1WjJFd8LsDJ2yQ/wWWxaopEsABU1XfkM8A+j0+85JAGppt16cr1Whg6KIbb4okU6Mql6BOj+uup/wKeA==
  dependencies:
    safe-buffer "~5.2.0"

superagent@^6.1.0:
  version "6.1.0"
  resolved "https://registry.yarnpkg.com/superagent/-/superagent-6.1.0.tgz#09f08807bc41108ef164cfb4be293cebd480f4a6"
  integrity sha512-OUDHEssirmplo3F+1HWKUrUjvnQuA+nZI6i/JJBdXb5eq9IyEQwPyPpqND+SSsxf6TygpBEkUjISVRN4/VOpeg==
  dependencies:
    component-emitter "^1.3.0"
    cookiejar "^2.1.2"
    debug "^4.1.1"
    fast-safe-stringify "^2.0.7"
    form-data "^3.0.0"
    formidable "^1.2.2"
    methods "^1.1.2"
    mime "^2.4.6"
    qs "^6.9.4"
    readable-stream "^3.6.0"
    semver "^7.3.2"

util-deprecate@^1.0.1:
  version "1.0.2"
  resolved "https://registry.yarnpkg.com/util-deprecate/-/util-deprecate-1.0.2.tgz#450d4dc9fa70de732762fbd2d4a28981419a0ccf"
  integrity sha1-RQ1Nyfpw3nMnYvvS1KKJgUGaDM8=

yallist@^4.0.0:
  version "4.0.0"
  resolved "https://registry.yarnpkg.com/yallist/-/yallist-4.0.0.tgz#9bb92790d9c0effec63be73519e11a35019a3a72"
  integrity sha512-3wdGidZyq5PB084XLES5TpOSRA3wjXAlIWMhum2kRcv/41Sn2emQ0dycQW4uZXLejwKvg6EsvbdlVL+FYEct7A==
